
Microsoft Visual Studio Solution File, Format Version 12.00
# Visual Studio 14
VisualStudioVersion = 14.0.25420.1
MinimumVisualStudioVersion = 10.0.40219.1
Project("{FAE04EC0-301F-11D3-BF4B-00C04F79EFBC}") = "ProductManagementSystemWebApi", "ProductManagementSystemWebApi\ProductManagementSystemWebApi.csproj", "{81F688DE-F29E-42EC-822E-B875D36F99AB}"
EndProject
Project("{FAE04EC0-301F-11D3-BF4B-00C04F79EFBC}") = "ProductManagementSystemDAL", "..\ProductManagementSystemDAL\ProductManagementSystemDAL\ProductManagementSystemDAL.csproj", "{98199F14-0087-4687-9005-9D006D0EFC5D}"
EndProject
Global
	GlobalSection(SolutionConfigurationPlatforms) = preSolution
		Debug|Any CPU = Debug|Any CPU
		Release|Any CPU = Release|Any CPU
	EndGlobalSection
	GlobalSection(ProjectConfigurationPlatforms) = postSolution
		{81F688DE-F29E-42EC-822E-B875D36F99AB}.Debug|Any CPU.ActiveCfg = Debug|Any CPU
		{81F688DE-F29E-42EC-822E-B875D36F99AB}.Debug|Any CPU.Build.0 = Debug|Any CPU
		{81F688DE-F29E-42EC-822E-B875D36F99AB}.Release|Any CPU.ActiveCfg = Release|Any CPU
		{81F688DE-F29E-42EC-822E-B875D36F99AB}.Release|Any CPU.Build.0 = Release|Any CPU
		{98199F14-0087-4687-9005-9D006D0EFC5D}.Debug|Any CPU.ActiveCfg = Debug|Any CPU
		{98199F14-0087-4687-9005-9D006D0EFC5D}.Debug|Any CPU.Build.0 = Debug|Any CPU
		{98199F14-0087-4687-9005-9D006D0EFC5D}.Release|Any CPU.ActiveCfg = Release|Any CPU
		{98199F14-0087-4687-9005-9D006D0EFC5D}.Release|Any CPU.Build.0 = Release|Any CPU
	EndGlobalSection
	GlobalSection(SolutionProperties) = preSolution
		HideSolutionNode = FALSE
	EndGlobalSection
EndGlobal
